{
  "lockfileVersion": 1,
  "workspaces": {
    "": {
      "name": "afrobeats-timeline-backend",
      "dependencies": {
        "openai": "^5.20.1",
      },
    },
  },
  "packages": {
    "openai": ["openai@5.23.2", "", { "peerDependencies": { "ws": "^8.18.0", "zod": "^3.23.8" }, "optionalPeers": ["ws", "zod"], "bin": { "openai": "bin/cli" } }, "sha512-MQBzmTulj+MM5O8SKEk/gL8a7s5mktS9zUtAkU257WjvobGc9nKcBuVwjyEEcb9SI8a8Y2G/mzn3vm9n1Jlleg=="],
  }
}
